
Microsoft Visual Studio Solution File, Format Version 12.00
# Visual Studio Version 16
VisualStudioVersion = 16.0.30413.136
MinimumVisualStudioVersion = 10.0.40219.1
Project("{9A19103F-16F7-4668-BE54-9A1E7A4F7556}") = "StudentGrade_ If else", "Lecture ISAM5430.FA20.Class2\StudentGrade_ If else.csproj", "{AE1AEDF4-A5A0-4DF5-B622-7863A2681D3E}"
EndProject
Project("{9A19103F-16F7-4668-BE54-9A1E7A4F7556}") = "StudentGrade_ If else if else", "StudentGrade1\StudentGrade_ If else if else.csproj", "{A9138AEC-D03D-4A02-B177-D1DC55B391AB}"
EndProject
Project("{9A19103F-16F7-4668-BE54-9A1E7A4F7556}") = "StudentGrade2_Switch case", "StudentGrade2\StudentGrade2_Switch case.csproj", "{6278A35D-026B-457E-A816-B100B57E1D89}"
EndProject
Project("{FAE04EC0-301F-11D3-BF4B-00C04F79EFBC}") = "StudentGrade3", "StudentGrade3\StudentGrade3.csproj", "{298F9E2B-DA71-4DFF-BE58-37170A7B3750}"
EndProject
Project("{FAE04EC0-301F-11D3-BF4B-00C04F79EFBC}") = "StudentGrade4", "StudentGrade4\StudentGrade4.csproj", "{478C0BA9-4465-4A05-A88B-FF2CC3F3BD68}"
EndProject
Global
	GlobalSection(SolutionConfigurationPlatforms) = preSolution
		Debug|Any CPU = Debug|Any CPU
		Release|Any CPU = Release|Any CPU
	EndGlobalSection
	GlobalSection(ProjectConfigurationPlatforms) = postSolution
		{AE1AEDF4-A5A0-4DF5-B622-7863A2681D3E}.Debug|Any CPU.ActiveCfg = Debug|Any CPU
		{AE1AEDF4-A5A0-4DF5-B622-7863A2681D3E}.Debug|Any CPU.Build.0 = Debug|Any CPU
		{AE1AEDF4-A5A0-4DF5-B622-7863A2681D3E}.Release|Any CPU.ActiveCfg = Release|Any CPU
		{AE1AEDF4-A5A0-4DF5-B622-7863A2681D3E}.Release|Any CPU.Build.0 = Release|Any CPU
		{A9138AEC-D03D-4A02-B177-D1DC55B391AB}.Debug|Any CPU.ActiveCfg = Debug|Any CPU
		{A9138AEC-D03D-4A02-B177-D1DC55B391AB}.Debug|Any CPU.Build.0 = Debug|Any CPU
		{A9138AEC-D03D-4A02-B177-D1DC55B391AB}.Release|Any CPU.ActiveCfg = Release|Any CPU
		{A9138AEC-D03D-4A02-B177-D1DC55B391AB}.Release|Any CPU.Build.0 = Release|Any CPU
		{6278A35D-026B-457E-A816-B100B57E1D89}.Debug|Any CPU.ActiveCfg = Debug|Any CPU
		{6278A35D-026B-457E-A816-B100B57E1D89}.Debug|Any CPU.Build.0 = Debug|Any CPU
		{6278A35D-026B-457E-A816-B100B57E1D89}.Release|Any CPU.ActiveCfg = Release|Any CPU
		{6278A35D-026B-457E-A816-B100B57E1D89}.Release|Any CPU.Build.0 = Release|Any CPU
		{298F9E2B-DA71-4DFF-BE58-37170A7B3750}.Debug|Any CPU.ActiveCfg = Debug|Any CPU
		{298F9E2B-DA71-4DFF-BE58-37170A7B3750}.Debug|Any CPU.Build.0 = Debug|Any CPU
		{298F9E2B-DA71-4DFF-BE58-37170A7B3750}.Release|Any CPU.ActiveCfg = Release|Any CPU
		{298F9E2B-DA71-4DFF-BE58-37170A7B3750}.Release|Any CPU.Build.0 = Release|Any CPU
		{478C0BA9-4465-4A05-A88B-FF2CC3F3BD68}.Debug|Any CPU.ActiveCfg = Debug|Any CPU
		{478C0BA9-4465-4A05-A88B-FF2CC3F3BD68}.Debug|Any CPU.Build.0 = Debug|Any CPU
		{478C0BA9-4465-4A05-A88B-FF2CC3F3BD68}.Release|Any CPU.ActiveCfg = Release|Any CPU
		{478C0BA9-4465-4A05-A88B-FF2CC3F3BD68}.Release|Any CPU.Build.0 = Release|Any CPU
	EndGlobalSection
	GlobalSection(SolutionProperties) = preSolution
		HideSolutionNode = FALSE
	EndGlobalSection
	GlobalSection(ExtensibilityGlobals) = postSolution
		SolutionGuid = {3B1A9877-F3A9-4DEB-A5B3-78E20CD64BC8}
	EndGlobalSection
EndGlobal
